
Microsoft Visual Studio Solution File, Format Version 12.00
# Visual Studio 2013
VisualStudioVersion = 12.0.30723.0
MinimumVisualStudioVersion = 10.0.40219.1
Project("{FAE04EC0-301F-11D3-BF4B-00C04F79EFBC}") = "HBRelog", "HBRelog.csproj", "{9FEFE779-26EF-4E60-B1E9-1AC82000443A}"
EndProject
Project("{FAE04EC0-301F-11D3-BF4B-00C04F79EFBC}") = "HBPlugin", "HBPlugin\HBPlugin.csproj", "{8CBFDD9D-64B2-4ED8-962F-312D7E6A7F05}"
EndProject
Project("{FAE04EC0-301F-11D3-BF4B-00C04F79EFBC}") = "GreyMagic", "Libs\GreyMagic\GreyMagic.csproj", "{29BEE34E-8D6A-47BF-96FA-ABA46F6E9B66}"
EndProject
Project("{FAE04EC0-301F-11D3-BF4B-00C04F79EFBC}") = "Launcher", "Launcher\Launcher.csproj", "{4781EA6C-E946-4B0F-8013-FA04AEC24B15}"
EndProject
Project("{FAE04EC0-301F-11D3-BF4B-00C04F79EFBC}") = "Authenticator", "Libs\Authenticator\Authenticator.csproj", "{EAF2D5CE-D817-453A-8A32-3D531570AE04}"
EndProject
Project("{8BC9CEB8-8B4A-11D0-8D11-00A0C91BC942}") = "Fasm.NET", "Libs\Fasm.NET\Fasm.NET.vcxproj", "{2DAC1A31-EF28-499A-B67A-963B5343D778}"
EndProject
Global
	GlobalSection(SolutionConfigurationPlatforms) = preSolution
		Chinajade|Any CPU = Chinajade|Any CPU
		Chinajade|Any CPU and x64 = Chinajade|Any CPU and x64
		Chinajade|Any CPU and x86 = Chinajade|Any CPU and x86
		Chinajade|Mixed Platforms = Chinajade|Mixed Platforms
		Chinajade|Win32 = Chinajade|Win32
		Chinajade|x64 = Chinajade|x64
		Chinajade|x86 = Chinajade|x86
		Debug|Any CPU = Debug|Any CPU
		Debug|Any CPU and x64 = Debug|Any CPU and x64
		Debug|Any CPU and x86 = Debug|Any CPU and x86
		Debug|Mixed Platforms = Debug|Mixed Platforms
		Debug|Win32 = Debug|Win32
		Debug|x64 = Debug|x64
		Debug|x86 = Debug|x86
		Release|Any CPU = Release|Any CPU
		Release|Any CPU and x64 = Release|Any CPU and x64
		Release|Any CPU and x86 = Release|Any CPU and x86
		Release|Mixed Platforms = Release|Mixed Platforms
		Release|Win32 = Release|Win32
		Release|x64 = Release|x64
		Release|x86 = Release|x86
	EndGlobalSection
	GlobalSection(ProjectConfigurationPlatforms) = postSolution
		{9FEFE779-26EF-4E60-B1E9-1AC82000443A}.Chinajade|Any CPU.ActiveCfg = Release|x86
		{9FEFE779-26EF-4E60-B1E9-1AC82000443A}.Chinajade|Any CPU and x64.ActiveCfg = Release|x86
		{9FEFE779-26EF-4E60-B1E9-1AC82000443A}.Chinajade|Any CPU and x86.ActiveCfg = Release|x86
		{9FEFE779-26EF-4E60-B1E9-1AC82000443A}.Chinajade|Mixed Platforms.ActiveCfg = Release|x86
		{9FEFE779-26EF-4E60-B1E9-1AC82000443A}.Chinajade|Win32.ActiveCfg = Release|x86
		{9FEFE779-26EF-4E60-B1E9-1AC82000443A}.Chinajade|x64.ActiveCfg = Release|x86
		{9FEFE779-26EF-4E60-B1E9-1AC82000443A}.Chinajade|x86.ActiveCfg = Release|x86
		{9FEFE779-26EF-4E60-B1E9-1AC82000443A}.Debug|Any CPU.ActiveCfg = Debug|x86
		{9FEFE779-26EF-4E60-B1E9-1AC82000443A}.Debug|Any CPU and x64.ActiveCfg = Debug|x86
		{9FEFE779-26EF-4E60-B1E9-1AC82000443A}.Debug|Any CPU and x86.ActiveCfg = Debug|x86
		{9FEFE779-26EF-4E60-B1E9-1AC82000443A}.Debug|Mixed Platforms.ActiveCfg = Debug|x86
		{9FEFE779-26EF-4E60-B1E9-1AC82000443A}.Debug|Mixed Platforms.Build.0 = Debug|x86
		{9FEFE779-26EF-4E60-B1E9-1AC82000443A}.Debug|Win32.ActiveCfg = Debug|x86
		{9FEFE779-26EF-4E60-B1E9-1AC82000443A}.Debug|Win32.Build.0 = Debug|x86
		{9FEFE779-26EF-4E60-B1E9-1AC82000443A}.Debug|x64.ActiveCfg = Debug|x86
		{9FEFE779-26EF-4E60-B1E9-1AC82000443A}.Debug|x86.ActiveCfg = Debug|x86
		{9FEFE779-26EF-4E60-B1E9-1AC82000443A}.Debug|x86.Build.0 = Debug|x86
		{9FEFE779-26EF-4E60-B1E9-1AC82000443A}.Release|Any CPU.ActiveCfg = Release|x86
		{9FEFE779-26EF-4E60-B1E9-1AC82000443A}.Release|Any CPU and x64.ActiveCfg = Release|x86
		{9FEFE779-26EF-4E60-B1E9-1AC82000443A}.Release|Any CPU and x86.ActiveCfg = Release|x86
		{9FEFE779-26EF-4E60-B1E9-1AC82000443A}.Release|Mixed Platforms.ActiveCfg = Release|x86
		{9FEFE779-26EF-4E60-B1E9-1AC82000443A}.Release|Mixed Platforms.Build.0 = Release|x86
		{9FEFE779-26EF-4E60-B1E9-1AC82000443A}.Release|Win32.ActiveCfg = Release|x86
		{9FEFE779-26EF-4E60-B1E9-1AC82000443A}.Release|Win32.Build.0 = Release|x86
		{9FEFE779-26EF-4E60-B1E9-1AC82000443A}.Release|x64.ActiveCfg = Release|x86
		{9FEFE779-26EF-4E60-B1E9-1AC82000443A}.Release|x86.ActiveCfg = Release|x86
		{9FEFE779-26EF-4E60-B1E9-1AC82000443A}.Release|x86.Build.0 = Release|x86
		{8CBFDD9D-64B2-4ED8-962F-312D7E6A7F05}.Chinajade|Any CPU.ActiveCfg = Release|Any CPU
		{8CBFDD9D-64B2-4ED8-962F-312D7E6A7F05}.Chinajade|Any CPU and x64.ActiveCfg = Release|Any CPU
		{8CBFDD9D-64B2-4ED8-962F-312D7E6A7F05}.Chinajade|Any CPU and x86.ActiveCfg = Release|Any CPU
		{8CBFDD9D-64B2-4ED8-962F-312D7E6A7F05}.Chinajade|Mixed Platforms.ActiveCfg = Release|x86
		{8CBFDD9D-64B2-4ED8-962F-312D7E6A7F05}.Chinajade|Win32.ActiveCfg = Release|x86
		{8CBFDD9D-64B2-4ED8-962F-312D7E6A7F05}.Chinajade|x64.ActiveCfg = Release|Any CPU
		{8CBFDD9D-64B2-4ED8-962F-312D7E6A7F05}.Chinajade|x86.ActiveCfg = Release|x86
		{8CBFDD9D-64B2-4ED8-962F-312D7E6A7F05}.Debug|Any CPU.ActiveCfg = Debug|Any CPU
		{8CBFDD9D-64B2-4ED8-962F-312D7E6A7F05}.Debug|Any CPU.Build.0 = Debug|Any CPU
		{8CBFDD9D-64B2-4ED8-962F-312D7E6A7F05}.Debug|Any CPU and x64.ActiveCfg = Debug|Any CPU
		{8CBFDD9D-64B2-4ED8-962F-312D7E6A7F05}.Debug|Any CPU and x86.ActiveCfg = Debug|Any CPU
		{8CBFDD9D-64B2-4ED8-962F-312D7E6A7F05}.Debug|Mixed Platforms.ActiveCfg = Debug|Any CPU
		{8CBFDD9D-64B2-4ED8-962F-312D7E6A7F05}.Debug|Mixed Platforms.Build.0 = Debug|Any CPU
		{8CBFDD9D-64B2-4ED8-962F-312D7E6A7F05}.Debug|Win32.ActiveCfg = Debug|x86
		{8CBFDD9D-64B2-4ED8-962F-312D7E6A7F05}.Debug|Win32.Build.0 = Debug|x86
		{8CBFDD9D-64B2-4ED8-962F-312D7E6A7F05}.Debug|x64.ActiveCfg = Debug|Any CPU
		{8CBFDD9D-64B2-4ED8-962F-312D7E6A7F05}.Debug|x86.ActiveCfg = Debug|Any CPU
		{8CBFDD9D-64B2-4ED8-962F-312D7E6A7F05}.Release|Any CPU.ActiveCfg = Release|Any CPU
		{8CBFDD9D-64B2-4ED8-962F-312D7E6A7F05}.Release|Any CPU.Build.0 = Release|Any CPU
		{8CBFDD9D-64B2-4ED8-962F-312D7E6A7F05}.Release|Any CPU and x64.ActiveCfg = Release|Any CPU
		{8CBFDD9D-64B2-4ED8-962F-312D7E6A7F05}.Release|Any CPU and x86.ActiveCfg = Release|Any CPU
		{8CBFDD9D-64B2-4ED8-962F-312D7E6A7F05}.Release|Mixed Platforms.ActiveCfg = Release|x86
		{8CBFDD9D-64B2-4ED8-962F-312D7E6A7F05}.Release|Mixed Platforms.Build.0 = Release|x86
		{8CBFDD9D-64B2-4ED8-962F-312D7E6A7F05}.Release|Win32.ActiveCfg = Release|x86
		{8CBFDD9D-64B2-4ED8-962F-312D7E6A7F05}.Release|Win32.Build.0 = Release|x86
		{8CBFDD9D-64B2-4ED8-962F-312D7E6A7F05}.Release|x64.ActiveCfg = Release|Any CPU
		{8CBFDD9D-64B2-4ED8-962F-312D7E6A7F05}.Release|x86.ActiveCfg = Release|Any CPU
		{29BEE34E-8D6A-47BF-96FA-ABA46F6E9B66}.Chinajade|Any CPU.ActiveCfg = Release|Any CPU
		{29BEE34E-8D6A-47BF-96FA-ABA46F6E9B66}.Chinajade|Any CPU and x64.ActiveCfg = Release|Any CPU
		{29BEE34E-8D6A-47BF-96FA-ABA46F6E9B66}.Chinajade|Any CPU and x86.ActiveCfg = Release|Any CPU
		{29BEE34E-8D6A-47BF-96FA-ABA46F6E9B66}.Chinajade|Mixed Platforms.ActiveCfg = Release|x86
		{29BEE34E-8D6A-47BF-96FA-ABA46F6E9B66}.Chinajade|Win32.ActiveCfg = Release|x86
		{29BEE34E-8D6A-47BF-96FA-ABA46F6E9B66}.Chinajade|x64.ActiveCfg = Release|Any CPU
		{29BEE34E-8D6A-47BF-96FA-ABA46F6E9B66}.Chinajade|x86.ActiveCfg = Release|x86
		{29BEE34E-8D6A-47BF-96FA-ABA46F6E9B66}.Debug|Any CPU.ActiveCfg = Debug|Any CPU
		{29BEE34E-8D6A-47BF-96FA-ABA46F6E9B66}.Debug|Any CPU.Build.0 = Debug|Any CPU
		{29BEE34E-8D6A-47BF-96FA-ABA46F6E9B66}.Debug|Any CPU and x64.ActiveCfg = Debug|Any CPU
		{29BEE34E-8D6A-47BF-96FA-ABA46F6E9B66}.Debug|Any CPU and x86.ActiveCfg = Debug|Any CPU
		{29BEE34E-8D6A-47BF-96FA-ABA46F6E9B66}.Debug|Mixed Platforms.ActiveCfg = Debug|x86
		{29BEE34E-8D6A-47BF-96FA-ABA46F6E9B66}.Debug|Mixed Platforms.Build.0 = Debug|x86
		{29BEE34E-8D6A-47BF-96FA-ABA46F6E9B66}.Debug|Win32.ActiveCfg = Debug|x86
		{29BEE34E-8D6A-47BF-96FA-ABA46F6E9B66}.Debug|Win32.Build.0 = Debug|x86
		{29BEE34E-8D6A-47BF-96FA-ABA46F6E9B66}.Debug|x64.ActiveCfg = Debug|Any CPU
		{29BEE34E-8D6A-47BF-96FA-ABA46F6E9B66}.Debug|x86.ActiveCfg = Debug|x86
		{29BEE34E-8D6A-47BF-96FA-ABA46F6E9B66}.Debug|x86.Build.0 = Debug|x86
		{29BEE34E-8D6A-47BF-96FA-ABA46F6E9B66}.Release|Any CPU.ActiveCfg = Release|Any CPU
		{29BEE34E-8D6A-47BF-96FA-ABA46F6E9B66}.Release|Any CPU.Build.0 = Release|Any CPU
		{29BEE34E-8D6A-47BF-96FA-ABA46F6E9B66}.Release|Any CPU and x64.ActiveCfg = Release|Any CPU
		{29BEE34E-8D6A-47BF-96FA-ABA46F6E9B66}.Release|Any CPU and x86.ActiveCfg = Release|Any CPU
		{29BEE34E-8D6A-47BF-96FA-ABA46F6E9B66}.Release|Mixed Platforms.ActiveCfg = Release|x86
		{29BEE34E-8D6A-47BF-96FA-ABA46F6E9B66}.Release|Mixed Platforms.Build.0 = Release|x86
		{29BEE34E-8D6A-47BF-96FA-ABA46F6E9B66}.Release|Win32.ActiveCfg = Release|x86
		{29BEE34E-8D6A-47BF-96FA-ABA46F6E9B66}.Release|Win32.Build.0 = Release|x86
		{29BEE34E-8D6A-47BF-96FA-ABA46F6E9B66}.Release|x64.ActiveCfg = Release|Any CPU
		{29BEE34E-8D6A-47BF-96FA-ABA46F6E9B66}.Release|x86.ActiveCfg = Release|x86
		{29BEE34E-8D6A-47BF-96FA-ABA46F6E9B66}.Release|x86.Build.0 = Release|x86
		{4781EA6C-E946-4B0F-8013-FA04AEC24B15}.Chinajade|Any CPU.ActiveCfg = Release|Any CPU
		{4781EA6C-E946-4B0F-8013-FA04AEC24B15}.Chinajade|Any CPU and x64.ActiveCfg = Release|Any CPU
		{4781EA6C-E946-4B0F-8013-FA04AEC24B15}.Chinajade|Any CPU and x86.ActiveCfg = Release|Any CPU
		{4781EA6C-E946-4B0F-8013-FA04AEC24B15}.Chinajade|Mixed Platforms.ActiveCfg = Release|x86
		{4781EA6C-E946-4B0F-8013-FA04AEC24B15}.Chinajade|Win32.ActiveCfg = Release|x86
		{4781EA6C-E946-4B0F-8013-FA04AEC24B15}.Chinajade|x64.ActiveCfg = Release|Any CPU
		{4781EA6C-E946-4B0F-8013-FA04AEC24B15}.Chinajade|x86.ActiveCfg = Release|x86
		{4781EA6C-E946-4B0F-8013-FA04AEC24B15}.Debug|Any CPU.ActiveCfg = Debug|Any CPU
		{4781EA6C-E946-4B0F-8013-FA04AEC24B15}.Debug|Any CPU.Build.0 = Debug|Any CPU
		{4781EA6C-E946-4B0F-8013-FA04AEC24B15}.Debug|Any CPU and x64.ActiveCfg = Debug|Any CPU
		{4781EA6C-E946-4B0F-8013-FA04AEC24B15}.Debug|Any CPU and x86.ActiveCfg = Debug|Any CPU
		{4781EA6C-E946-4B0F-8013-FA04AEC24B15}.Debug|Mixed Platforms.ActiveCfg = Debug|x86
		{4781EA6C-E946-4B0F-8013-FA04AEC24B15}.Debug|Mixed Platforms.Build.0 = Debug|x86
		{4781EA6C-E946-4B0F-8013-FA04AEC24B15}.Debug|Win32.ActiveCfg = Debug|x86
		{4781EA6C-E946-4B0F-8013-FA04AEC24B15}.Debug|Win32.Build.0 = Debug|x86
		{4781EA6C-E946-4B0F-8013-FA04AEC24B15}.Debug|x64.ActiveCfg = Debug|Any CPU
		{4781EA6C-E946-4B0F-8013-FA04AEC24B15}.Debug|x86.ActiveCfg = Debug|x86
		{4781EA6C-E946-4B0F-8013-FA04AEC24B15}.Debug|x86.Build.0 = Debug|x86
		{4781EA6C-E946-4B0F-8013-FA04AEC24B15}.Release|Any CPU.ActiveCfg = Release|Any CPU
		{4781EA6C-E946-4B0F-8013-FA04AEC24B15}.Release|Any CPU.Build.0 = Release|Any CPU
		{4781EA6C-E946-4B0F-8013-FA04AEC24B15}.Release|Any CPU and x64.ActiveCfg = Release|Any CPU
		{4781EA6C-E946-4B0F-8013-FA04AEC24B15}.Release|Any CPU and x86.ActiveCfg = Release|Any CPU
		{4781EA6C-E946-4B0F-8013-FA04AEC24B15}.Release|Mixed Platforms.ActiveCfg = Release|x86
		{4781EA6C-E946-4B0F-8013-FA04AEC24B15}.Release|Mixed Platforms.Build.0 = Release|x86
		{4781EA6C-E946-4B0F-8013-FA04AEC24B15}.Release|Win32.ActiveCfg = Release|x86
		{4781EA6C-E946-4B0F-8013-FA04AEC24B15}.Release|Win32.Build.0 = Release|x86
		{4781EA6C-E946-4B0F-8013-FA04AEC24B15}.Release|x64.ActiveCfg = Release|Any CPU
		{4781EA6C-E946-4B0F-8013-FA04AEC24B15}.Release|x86.ActiveCfg = Release|x86
		{4781EA6C-E946-4B0F-8013-FA04AEC24B15}.Release|x86.Build.0 = Release|x86
		{EAF2D5CE-D817-453A-8A32-3D531570AE04}.Chinajade|Any CPU.ActiveCfg = Release|x86
		{EAF2D5CE-D817-453A-8A32-3D531570AE04}.Chinajade|Any CPU and x64.ActiveCfg = Release|x86
		{EAF2D5CE-D817-453A-8A32-3D531570AE04}.Chinajade|Any CPU and x86.ActiveCfg = Release|x86
		{EAF2D5CE-D817-453A-8A32-3D531570AE04}.Chinajade|Mixed Platforms.ActiveCfg = Release|x86
		{EAF2D5CE-D817-453A-8A32-3D531570AE04}.Chinajade|Mixed Platforms.Build.0 = Release|x86
		{EAF2D5CE-D817-453A-8A32-3D531570AE04}.Chinajade|Win32.ActiveCfg = Release|x86
		{EAF2D5CE-D817-453A-8A32-3D531570AE04}.Chinajade|Win32.Build.0 = Release|x86
		{EAF2D5CE-D817-453A-8A32-3D531570AE04}.Chinajade|x64.ActiveCfg = Release|x86
		{EAF2D5CE-D817-453A-8A32-3D531570AE04}.Chinajade|x86.ActiveCfg = Release|x86
		{EAF2D5CE-D817-453A-8A32-3D531570AE04}.Chinajade|x86.Build.0 = Release|x86
		{EAF2D5CE-D817-453A-8A32-3D531570AE04}.Debug|Any CPU.ActiveCfg = Debug|x86
		{EAF2D5CE-D817-453A-8A32-3D531570AE04}.Debug|Any CPU and x64.ActiveCfg = Debug|x86
		{EAF2D5CE-D817-453A-8A32-3D531570AE04}.Debug|Any CPU and x86.ActiveCfg = Debug|x86
		{EAF2D5CE-D817-453A-8A32-3D531570AE04}.Debug|Mixed Platforms.ActiveCfg = Debug|x86
		{EAF2D5CE-D817-453A-8A32-3D531570AE04}.Debug|Mixed Platforms.Build.0 = Debug|x86
		{EAF2D5CE-D817-453A-8A32-3D531570AE04}.Debug|Win32.ActiveCfg = Debug|x86
		{EAF2D5CE-D817-453A-8A32-3D531570AE04}.Debug|Win32.Build.0 = Debug|x86
		{EAF2D5CE-D817-453A-8A32-3D531570AE04}.Debug|x64.ActiveCfg = Debug|x86
		{EAF2D5CE-D817-453A-8A32-3D531570AE04}.Debug|x86.ActiveCfg = Debug|x86
		{EAF2D5CE-D817-453A-8A32-3D531570AE04}.Debug|x86.Build.0 = Debug|x86
		{EAF2D5CE-D817-453A-8A32-3D531570AE04}.Release|Any CPU.ActiveCfg = Release|x86
		{EAF2D5CE-D817-453A-8A32-3D531570AE04}.Release|Any CPU and x64.ActiveCfg = Release|x86
		{EAF2D5CE-D817-453A-8A32-3D531570AE04}.Release|Any CPU and x86.ActiveCfg = Release|x86
		{EAF2D5CE-D817-453A-8A32-3D531570AE04}.Release|Mixed Platforms.ActiveCfg = Release|x86
		{EAF2D5CE-D817-453A-8A32-3D531570AE04}.Release|Mixed Platforms.Build.0 = Release|x86
		{EAF2D5CE-D817-453A-8A32-3D531570AE04}.Release|Win32.ActiveCfg = Release|x86
		{EAF2D5CE-D817-453A-8A32-3D531570AE04}.Release|Win32.Build.0 = Release|x86
		{EAF2D5CE-D817-453A-8A32-3D531570AE04}.Release|x64.ActiveCfg = Release|x86
		{EAF2D5CE-D817-453A-8A32-3D531570AE04}.Release|x86.ActiveCfg = Release|x86
		{EAF2D5CE-D817-453A-8A32-3D531570AE04}.Release|x86.Build.0 = Release|x86
		{2DAC1A31-EF28-499A-B67A-963B5343D778}.Chinajade|Any CPU.ActiveCfg = Release|Win32
		{2DAC1A31-EF28-499A-B67A-963B5343D778}.Chinajade|Any CPU and x64.ActiveCfg = Release|Win32
		{2DAC1A31-EF28-499A-B67A-963B5343D778}.Chinajade|Any CPU and x86.ActiveCfg = Release|Win32
		{2DAC1A31-EF28-499A-B67A-963B5343D778}.Chinajade|Mixed Platforms.ActiveCfg = Release|Win32
		{2DAC1A31-EF28-499A-B67A-963B5343D778}.Chinajade|Mixed Platforms.Build.0 = Release|Win32
		{2DAC1A31-EF28-499A-B67A-963B5343D778}.Chinajade|Win32.ActiveCfg = Release|Win32
		{2DAC1A31-EF28-499A-B67A-963B5343D778}.Chinajade|Win32.Build.0 = Release|Win32
		{2DAC1A31-EF28-499A-B67A-963B5343D778}.Chinajade|x64.ActiveCfg = Release|Win32
		{2DAC1A31-EF28-499A-B67A-963B5343D778}.Chinajade|x86.ActiveCfg = Release|Win32
		{2DAC1A31-EF28-499A-B67A-963B5343D778}.Chinajade|x86.Build.0 = Release|Win32
		{2DAC1A31-EF28-499A-B67A-963B5343D778}.Debug|Any CPU.ActiveCfg = Debug|Win32
		{2DAC1A31-EF28-499A-B67A-963B5343D778}.Debug|Any CPU and x64.ActiveCfg = Debug|Win32
		{2DAC1A31-EF28-499A-B67A-963B5343D778}.Debug|Any CPU and x86.ActiveCfg = Debug|Win32
		{2DAC1A31-EF28-499A-B67A-963B5343D778}.Debug|Mixed Platforms.ActiveCfg = Debug|Win32
		{2DAC1A31-EF28-499A-B67A-963B5343D778}.Debug|Mixed Platforms.Build.0 = Debug|Win32
		{2DAC1A31-EF28-499A-B67A-963B5343D778}.Debug|Win32.ActiveCfg = Debug|Win32
		{2DAC1A31-EF28-499A-B67A-963B5343D778}.Debug|Win32.Build.0 = Debug|Win32
		{2DAC1A31-EF28-499A-B67A-963B5343D778}.Debug|x64.ActiveCfg = Debug|Win32
		{2DAC1A31-EF28-499A-B67A-963B5343D778}.Debug|x86.ActiveCfg = Debug|Win32
		{2DAC1A31-EF28-499A-B67A-963B5343D778}.Debug|x86.Build.0 = Debug|Win32
		{2DAC1A31-EF28-499A-B67A-963B5343D778}.Release|Any CPU.ActiveCfg = Release|Win32
		{2DAC1A31-EF28-499A-B67A-963B5343D778}.Release|Any CPU and x64.ActiveCfg = Release|Win32
		{2DAC1A31-EF28-499A-B67A-963B5343D778}.Release|Any CPU and x86.ActiveCfg = Release|Win32
		{2DAC1A31-EF28-499A-B67A-963B5343D778}.Release|Mixed Platforms.ActiveCfg = Release|Win32
		{2DAC1A31-EF28-499A-B67A-963B5343D778}.Release|Mixed Platforms.Build.0 = Release|Win32
		{2DAC1A31-EF28-499A-B67A-963B5343D778}.Release|Win32.ActiveCfg = Release|Win32
		{2DAC1A31-EF28-499A-B67A-963B5343D778}.Release|Win32.Build.0 = Release|Win32
		{2DAC1A31-EF28-499A-B67A-963B5343D778}.Release|x64.ActiveCfg = Release|Win32
		{2DAC1A31-EF28-499A-B67A-963B5343D778}.Release|x86.ActiveCfg = Release|Win32
		{2DAC1A31-EF28-499A-B67A-963B5343D778}.Release|x86.Build.0 = Release|Win32
	EndGlobalSection
	GlobalSection(SolutionProperties) = preSolution
		HideSolutionNode = FALSE
	EndGlobalSection
	GlobalSection(SubversionScc) = preSolution
		Svn-Managed = True
		Manager = AnkhSVN - Subversion Support for Visual Studio
	EndGlobalSection
EndGlobal
